
Microsoft Visual Studio Solution File, Format Version 12.00
# Visual Studio 14
VisualStudioVersion = 14.0.24720.0
MinimumVisualStudioVersion = 10.0.40219.1
Project("{FAE04EC0-301F-11D3-BF4B-00C04F79EFBC}") = "RobotPathFinder", "RobotPathFinder\RobotPathFinder.csproj", "{0A3B73C8-1314-4237-B449-1772DF6A4DB9}"
EndProject
Project("{FAE04EC0-301F-11D3-BF4B-00C04F79EFBC}") = "RobotPathFinderTest", "RobotPathFinderTest\RobotPathFinderTest.csproj", "{DD8EA9C9-14DC-4F83-8536-5102223C2E42}"
EndProject
Project("{FAE04EC0-301F-11D3-BF4B-00C04F79EFBC}") = "RobotPathFinderUI", "RobotPathFinderUI\RobotPathFinderUI.csproj", "{1B50835B-2A10-4F98-8920-9CAEB189B48C}"
EndProject
Global
	GlobalSection(SolutionConfigurationPlatforms) = preSolution
		Debug|Any CPU = Debug|Any CPU
		Release|Any CPU = Release|Any CPU
	EndGlobalSection
	GlobalSection(ProjectConfigurationPlatforms) = postSolution
		{0A3B73C8-1314-4237-B449-1772DF6A4DB9}.Debug|Any CPU.ActiveCfg = Debug|Any CPU
		{0A3B73C8-1314-4237-B449-1772DF6A4DB9}.Debug|Any CPU.Build.0 = Debug|Any CPU
		{0A3B73C8-1314-4237-B449-1772DF6A4DB9}.Release|Any CPU.ActiveCfg = Release|Any CPU
		{0A3B73C8-1314-4237-B449-1772DF6A4DB9}.Release|Any CPU.Build.0 = Release|Any CPU
		{DD8EA9C9-14DC-4F83-8536-5102223C2E42}.Debug|Any CPU.ActiveCfg = Debug|Any CPU
		{DD8EA9C9-14DC-4F83-8536-5102223C2E42}.Debug|Any CPU.Build.0 = Debug|Any CPU
		{DD8EA9C9-14DC-4F83-8536-5102223C2E42}.Release|Any CPU.ActiveCfg = Release|Any CPU
		{DD8EA9C9-14DC-4F83-8536-5102223C2E42}.Release|Any CPU.Build.0 = Release|Any CPU
		{1B50835B-2A10-4F98-8920-9CAEB189B48C}.Debug|Any CPU.ActiveCfg = Debug|Any CPU
		{1B50835B-2A10-4F98-8920-9CAEB189B48C}.Debug|Any CPU.Build.0 = Debug|Any CPU
		{1B50835B-2A10-4F98-8920-9CAEB189B48C}.Release|Any CPU.ActiveCfg = Release|Any CPU
		{1B50835B-2A10-4F98-8920-9CAEB189B48C}.Release|Any CPU.Build.0 = Release|Any CPU
	EndGlobalSection
	GlobalSection(SolutionProperties) = preSolution
		HideSolutionNode = FALSE
	EndGlobalSection
EndGlobal
